
Microsoft Visual Studio Solution File, Format Version 12.00
# Visual Studio Version 16
VisualStudioVersion = 16.0.30804.86
MinimumVisualStudioVersion = 10.0.40219.1
Project("{FAE04EC0-301F-11D3-BF4B-00C04F79EFBC}") = "SporSalonu_G181210092", "SporSalonu_G181210092\SporSalonu_G181210092.csproj", "{A09120AF-F521-450C-A8EB-9CD20470EA29}"
EndProject
Global
	GlobalSection(SolutionConfigurationPlatforms) = preSolution
		Debug|Any CPU = Debug|Any CPU
		Release|Any CPU = Release|Any CPU
	EndGlobalSection
	GlobalSection(ProjectConfigurationPlatforms) = postSolution
		{A09120AF-F521-450C-A8EB-9CD20470EA29}.Debug|Any CPU.ActiveCfg = Debug|Any CPU
		{A09120AF-F521-450C-A8EB-9CD20470EA29}.Debug|Any CPU.Build.0 = Debug|Any CPU
		{A09120AF-F521-450C-A8EB-9CD20470EA29}.Release|Any CPU.ActiveCfg = Release|Any CPU
		{A09120AF-F521-450C-A8EB-9CD20470EA29}.Release|Any CPU.Build.0 = Release|Any CPU
	EndGlobalSection
	GlobalSection(SolutionProperties) = preSolution
		HideSolutionNode = FALSE
	EndGlobalSection
	GlobalSection(ExtensibilityGlobals) = postSolution
		SolutionGuid = {F433B0CB-EDA0-429E-B9CC-C0AA8C51CFEC}
	EndGlobalSection
EndGlobal
